
Microsoft Visual Studio Solution File, Format Version 12.00
Project("{FAE04EC0-301F-11D3-BF4B-00C04F79EFBC}") = "SampleSolrApp", "SampleSolrApp\SampleSolrApp.csproj", "{90C350BE-A07D-4EAF-9463-63819C333A38}"
EndProject
Global
	GlobalSection(SolutionConfigurationPlatforms) = preSolution
		Debug|Any CPU = Debug|Any CPU
		Release|Any CPU = Release|Any CPU
	EndGlobalSection
	GlobalSection(ProjectConfigurationPlatforms) = postSolution
		{90C350BE-A07D-4EAF-9463-63819C333A38}.Debug|Any CPU.ActiveCfg = Debug|Any CPU
		{90C350BE-A07D-4EAF-9463-63819C333A38}.Debug|Any CPU.Build.0 = Debug|Any CPU
		{90C350BE-A07D-4EAF-9463-63819C333A38}.Release|Any CPU.ActiveCfg = Release|Any CPU
		{90C350BE-A07D-4EAF-9463-63819C333A38}.Release|Any CPU.Build.0 = Release|Any CPU
	EndGlobalSection
EndGlobal
